// !$*UTF8*$!
{
	archiveVersion = 1;
	classes = {
	};
	objectVersion = 56;
	objects = {

/* Begin PBXBuildFile section */
		FAB94A8929A8D725000B0765 /* AppDelegate.swift in Sources */ = {isa = PBXBuildFile; fileRef = FAB94A8829A8D725000B0765 /* AppDelegate.swift */; };
		FAB94A8B29A8D725000B0765 /* SceneDelegate.swift in Sources */ = {isa = PBXBuildFile; fileRef = FAB94A8A29A8D725000B0765 /* SceneDelegate.swift */; };
		FAB94A8D29A8D725000B0765 /* ViewController.swift in Sources */ = {isa = PBXBuildFile; fileRef = FAB94A8C29A8D725000B0765 /* ViewController.swift */; };
		FAB94A9329A8D725000B0765 /* BookReport.xcdatamodeld in Sources */ = {isa = PBXBuildFile; fileRef = FAB94A9129A8D725000B0765 /* BookReport.xcdatamodeld */; };
		FAB94A9529A8D726000B0765 /* Assets.xcassets in Resources */ = {isa = PBXBuildFile; fileRef = FAB94A9429A8D726000B0765 /* Assets.xcassets */; };
		FAB94A9829A8D726000B0765 /* LaunchScreen.storyboard in Resources */ = {isa = PBXBuildFile; fileRef = FAB94A9629A8D726000B0765 /* LaunchScreen.storyboard */; };
		FAB94AA329A8D89E000B0765 /* Book.swift in Sources */ = {isa = PBXBuildFile; fileRef = FAB94AA229A8D89E000B0765 /* Book.swift */; };
		FAB94AA529A8D8AD000B0765 /* HomeView.swift in Sources */ = {isa = PBXBuildFile; fileRef = FAB94AA429A8D8AD000B0765 /* HomeView.swift */; };
		FAB94AA829A8D8CF000B0765 /* NetworkManager.swift in Sources */ = {isa = PBXBuildFile; fileRef = FAB94AA729A8D8CF000B0765 /* NetworkManager.swift */; };
/* End PBXBuildFile section */

/* Begin PBXFileReference section */
		FAB94A8529A8D725000B0765 /* BookReport.app */ = {isa = PBXFileReference; explicitFileType = wrapper.application; includeInIndex = 0; path = BookReport.app; sourceTree = BUILT_PRODUCTS_DIR; };
		FAB94A8829A8D725000B0765 /* AppDelegate.swift */ = {isa = PBXFileReference; lastKnownFileType = sourcecode.swift; path = AppDelegate.swift; sourceTree = "<group>"; };
		FAB94A8A29A8D725000B0765 /* SceneDelegate.swift */ = {isa = PBXFileReference; lastKnownFileType = sourcecode.swift; path = SceneDelegate.swift; sourceTree = "<group>"; };
		FAB94A8C29A8D725000B0765 /* ViewController.swift */ = {isa = PBXFileReference; lastKnownFileType = sourcecode.swift; path = ViewController.swift; sourceTree = "<group>"; };
		FAB94A9229A8D725000B0765 /* BookReport.xcdatamodel */ = {isa = PBXFileReference; lastKnownFileType = wrapper.xcdatamodel; path = BookReport.xcdatamodel; sourceTree = "<group>"; };
		FAB94A9429A8D726000B0765 /* Assets.xcassets */ = {isa = PBXFileReference; lastKnownFileType = folder.assetcatalog; path = Assets.xcassets; sourceTree = "<group>"; };
		FAB94A9729A8D726000B0765 /* Base */ = {isa = PBXFileReference; lastKnownFileType = file.storyboard; name = Base; path = Base.lproj/LaunchScreen.storyboard; sourceTree = "<group>"; };
		FAB94A9929A8D726000B0765 /* Info.plist */ = {isa = PBXFileReference; lastKnownFileType = text.plist.xml; path = Info.plist; sourceTree = "<group>"; };
		FAB94AA229A8D89E000B0765 /* Book.swift */ = {isa = PBXFileReference; lastKnownFileType = sourcecode.swift; path = Book.swift; sourceTree = "<group>"; };
		FAB94AA429A8D8AD000B0765 /* HomeView.swift */ = {isa = PBXFileReference; lastKnownFileType = sourcecode.swift; path = HomeView.swift; sourceTree = "<group>"; };
		FAB94AA729A8D8CF000B0765 /* NetworkManager.swift */ = {isa = PBXFileReference; lastKnownFileType = sourcecode.swift; path = NetworkManager.swift; sourceTree = "<group>"; };
/* End PBXFileReference section */

/* Begin PBXFrameworksBuildPhase section */
		FAB94A8229A8D725000B0765 /* Frameworks */ = {
			isa = PBXFrameworksBuildPhase;
			buildActionMask = 2147483647;
			files = (
			);
			runOnlyForDeploymentPostprocessing = 0;
		};
/* End PBXFrameworksBuildPhase section */

/* Begin PBXGroup section */
		FAB94A7C29A8D725000B0765 = {
			isa = PBXGroup;
			children = (
				FAB94A8729A8D725000B0765 /* BookReport */,
				FAB94A8629A8D725000B0765 /* Products */,
			);
			sourceTree = "<group>";
		};
		FAB94A8629A8D725000B0765 /* Products */ = {
			isa = PBXGroup;
			children = (
				FAB94A8529A8D725000B0765 /* BookReport.app */,
			);
			name = Products;
			sourceTree = "<group>";
		};
		FAB94A8729A8D725000B0765 /* BookReport */ = {
			isa = PBXGroup;
			children = (
				FAB94A8829A8D725000B0765 /* AppDelegate.swift */,
				FAB94A8A29A8D725000B0765 /* SceneDelegate.swift */,
				FAB94AA029A8D843000B0765 /* Model */,
				FAB94AA129A8D885000B0765 /* View */,
				FAB94A9F29A8D825000B0765 /* ViewController */,
				FAB94AA629A8D8B8000B0765 /* Network */,
				FAB94A9429A8D726000B0765 /* Assets.xcassets */,
				FAB94A9629A8D726000B0765 /* LaunchScreen.storyboard */,
				FAB94A9929A8D726000B0765 /* Info.plist */,
				FAB94A9129A8D725000B0765 /* BookReport.xcdatamodeld */,
			);
			path = BookReport;
			sourceTree = "<group>";
		};
		FAB94A9F29A8D825000B0765 /* ViewController */ = {
			isa = PBXGroup;
			children = (
				FAB94A8C29A8D725000B0765 /* ViewController.swift */,
			);
			path = ViewController;
			sourceTree = "<group>";
		};
		FAB94AA029A8D843000B0765 /* Model */ = {
			isa = PBXGroup;
			children = (
				FAB94AA229A8D89E000B0765 /* Book.swift */,
			);
			path = Model;
			sourceTree = "<group>";
		};
		FAB94AA129A8D885000B0765 /* View */ = {
			isa = PBXGroup;
			children = (
				FAB94AA429A8D8AD000B0765 /* HomeView.swift */,
			);
			path = View;
			sourceTree = "<group>";
		};
		FAB94AA629A8D8B8000B0765 /* Network */ = {
			isa = PBXGroup;
			children = (
				FAB94AA729A8D8CF000B0765 /* NetworkManager.swift */,
			);
			path = Network;
			sourceTree = "<group>";
		};
/* End PBXGroup section */

/* Begin PBXNativeTarget section */
		FAB94A8429A8D725000B0765 /* BookReport */ = {
			isa = PBXNativeTarget;
			buildConfigurationList = FAB94A9C29A8D726000B0765 /* Build configuration list for PBXNativeTarget "BookReport" */;
			buildPhases = (
				FAB94A8129A8D725000B0765 /* Sources */,
				FAB94A8229A8D725000B0765 /* Frameworks */,
				FAB94A8329A8D725000B0765 /* Resources */,
			);
			buildRules = (
			);
			dependencies = (
			);
			name = BookReport;
			productName = BookReport;
			productReference = FAB94A8529A8D725000B0765 /* BookReport.app */;
			productType = "com.apple.product-type.application";
		};
/* End PBXNativeTarget section */

/* Begin PBXProject section */
		FAB94A7D29A8D725000B0765 /* Project object */ = {
			isa = PBXProject;
			attributes = {
				BuildIndependentTargetsInParallel = 1;
				LastSwiftUpdateCheck = 1410;
				LastUpgradeCheck = 1410;
				TargetAttributes = {
					FAB94A8429A8D725000B0765 = {
						CreatedOnToolsVersion = 14.1;
					};
				};
			};
			buildConfigurationList = FAB94A8029A8D725000B0765 /* Build configuration list for PBXProject "BookReport" */;
			compatibilityVersion = "Xcode 14.0";
			developmentRegion = en;
			hasScannedForEncodings = 0;
			knownRegions = (
				en,
				Base,
			);
			mainGroup = FAB94A7C29A8D725000B0765;
			productRefGroup = FAB94A8629A8D725000B0765 /* Products */;
			projectDirPath = "";
			projectRoot = "";
			targets = (
				FAB94A8429A8D725000B0765 /* BookReport */,
			);
		};
/* End PBXProject section */

/* Begin PBXResourcesBuildPhase section */
		FAB94A8329A8D725000B0765 /* Resources */ = {
			isa = PBXResourcesBuildPhase;
			buildActionMask = 2147483647;
			files = (
				FAB94A9829A8D726000B0765 /* LaunchScreen.storyboard in Resources */,
				FAB94A9529A8D726000B0765 /* Assets.xcassets in Resources */,
			);
			runOnlyForDeploymentPostprocessing = 0;
		};
/* End PBXResourcesBuildPhase section */

/* Begin PBXSourcesBuildPhase section */
		FAB94A8129A8D725000B0765 /* Sources */ = {
			isa = PBXSourcesBuildPhase;
			buildActionMask = 2147483647;
			files = (
				FAB94A8D29A8D725000B0765 /* ViewController.swift in Sources */,
				FAB94A8929A8D725000B0765 /* AppDelegate.swift in Sources */,
				FAB94A9329A8D725000B0765 /* BookReport.xcdatamodeld in Sources */,
				FAB94AA829A8D8CF000B0765 /* NetworkManager.swift in Sources */,
				FAB94AA529A8D8AD000B0765 /* HomeView.swift in Sources */,
				FAB94AA329A8D89E000B0765 /* Book.swift in Sources */,
				FAB94A8B29A8D725000B0765 /* SceneDelegate.swift in Sources */,
			);
			runOnlyForDeploymentPostprocessing = 0;
		};
/* End PBXSourcesBuildPhase section */

/* Begin PBXVariantGroup section */
		FAB94A9629A8D726000B0765 /* LaunchScreen.storyboard */ = {
			isa = PBXVariantGroup;
			children = (
				FAB94A9729A8D726000B0765 /* Base */,
			);
			name = LaunchScreen.storyboard;
			sourceTree = "<group>";
		};
/* End PBXVariantGroup section */

/* Begin XCBuildConfiguration section */
		FAB94A9A29A8D726000B0765 /* Debug */ = {
			isa = XCBuildConfiguration;
			buildSettings = {
				ALWAYS_SEARCH_USER_PATHS = NO;
				CLANG_ANALYZER_NONNULL = YES;
				CLANG_ANALYZER_NUMBER_OBJECT_CONVERSION = YES_AGGRESSIVE;
				CLANG_CXX_LANGUAGE_STANDARD = "gnu++20";
				CLANG_ENABLE_MODULES = YES;
				CLANG_ENABLE_OBJC_ARC = YES;
				CLANG_ENABLE_OBJC_WEAK = YES;
				CLANG_WARN_BLOCK_CAPTURE_AUTORELEASING = YES;
				CLANG_WARN_BOOL_CONVERSION = YES;
				CLANG_WARN_COMMA = YES;
				CLANG_WARN_CONSTANT_CONVERSION = YES;
				CLANG_WARN_DEPRECATED_OBJC_IMPLEMENTATIONS = YES;
				CLANG_WARN_DIRECT_OBJC_ISA_USAGE = YES_ERROR;
				CLANG_WARN_DOCUMENTATION_COMMENTS = YES;
				CLANG_WARN_EMPTY_BODY = YES;
				CLANG_WARN_ENUM_CONVERSION = YES;
				CLANG_WARN_INFINITE_RECURSION = YES;
				CLANG_WARN_INT_CONVERSION = YES;
				CLANG_WARN_NON_LITERAL_NULL_CONVERSION = YES;
				CLANG_WARN_OBJC_IMPLICIT_RETAIN_SELF = YES;
				CLANG_WARN_OBJC_LITERAL_CONVERSION = YES;
				CLANG_WARN_OBJC_ROOT_CLASS = YES_ERROR;
				CLANG_WARN_QUOTED_INCLUDE_IN_FRAMEWORK_HEADER = YES;
				CLANG_WARN_RANGE_LOOP_ANALYSIS = YES;
				CLANG_WARN_STRICT_PROTOTYPES = YES;
				CLANG_WARN_SUSPICIOUS_MOVE = YES;
				CLANG_WARN_UNGUARDED_AVAILABILITY = YES_AGGRESSIVE;
				CLANG_WARN_UNREACHABLE_CODE = YES;
				CLANG_WARN__DUPLICATE_METHOD_MATCH = YES;
				COPY_PHASE_STRIP = NO;
				DEBUG_INFORMATION_FORMAT = dwarf;
				ENABLE_STRICT_OBJC_MSGSEND = YES;
				ENABLE_TESTABILITY = YES;
				GCC_C_LANGUAGE_STANDARD = gnu11;
				GCC_DYNAMIC_NO_PIC = NO;
				GCC_NO_COMMON_BLOCKS = YES;
				GCC_OPTIMIZATION_LEVEL = 0;
				GCC_PREPROCESSOR_DEFINITIONS = (
					"DEBUG=1",
					"$(inherited)",
				);
				GCC_WARN_64_TO_32_BIT_CONVERSION = YES;
				GCC_WARN_ABOUT_RETURN_TYPE = YES_ERROR;
				GCC_WARN_UNDECLARED_SELECTOR = YES;
				GCC_WARN_UNINITIALIZED_AUTOS = YES_AGGRESSIVE;
				GCC_WARN_UNUSED_FUNCTION = YES;
				GCC_WARN_UNUSED_VARIABLE = YES;
				IPHONEOS_DEPLOYMENT_TARGET = 16.1;
				MTL_ENABLE_DEBUG_INFO = INCLUDE_SOURCE;
				MTL_FAST_MATH = YES;
				ONLY_ACTIVE_ARCH = YES;
				SDKROOT = iphoneos;
				SWIFT_ACTIVE_COMPILATION_CONDITIONS = DEBUG;
				SWIFT_OPTIMIZATION_LEVEL = "-Onone";
			};
			name = Debug;
		};
		FAB94A9B29A8D726000B0765 /* Release */ = {
			isa = XCBuildConfiguration;
			buildSettings = {
				ALWAYS_SEARCH_USER_PATHS = NO;
				CLANG_ANALYZER_NONNULL = YES;
				CLANG_ANALYZER_NUMBER_OBJECT_CONVERSION = YES_AGGRESSIVE;
				CLANG_CXX_LANGUAGE_STANDARD = "gnu++20";
				CLANG_ENABLE_MODULES = YES;
				CLANG_ENABLE_OBJC_ARC = YES;
				CLANG_ENABLE_OBJC_WEAK = YES;
				CLANG_WARN_BLOCK_CAPTURE_AUTORELEASING = YES;
				CLANG_WARN_BOOL_CONVERSION = YES;
				CLANG_WARN_COMMA = YES;
				CLANG_WARN_CONSTANT_CONVERSION = YES;
				CLANG_WARN_DEPRECATED_OBJC_IMPLEMENTATIONS = YES;
				CLANG_WARN_DIRECT_OBJC_ISA_USAGE = YES_ERROR;
				CLANG_WARN_DOCUMENTATION_COMMENTS = YES;
				CLANG_WARN_EMPTY_BODY = YES;
				CLANG_WARN_ENUM_CONVERSION = YES;
				CLANG_WARN_INFINITE_RECURSION = YES;
				CLANG_WARN_INT_CONVERSION = YES;
				CLANG_WARN_NON_LITERAL_NULL_CONVERSION = YES;
				CLANG_WARN_OBJC_IMPLICIT_RETAIN_SELF = YES;
				CLANG_WARN_OBJC_LITERAL_CONVERSION = YES;
				CLANG_WARN_OBJC_ROOT_CLASS = YES_ERROR;
				CLANG_WARN_QUOTED_INCLUDE_IN_FRAMEWORK_HEADER = YES;
				CLANG_WARN_RANGE_LOOP_ANALYSIS = YES;
				CLANG_WARN_STRICT_PROTOTYPES = YES;
				CLANG_WARN_SUSPICIOUS_MOVE = YES;
				CLANG_WARN_UNGUARDED_AVAILABILITY = YES_AGGRESSIVE;
				CLANG_WARN_UNREACHABLE_CODE = YES;
				CLANG_WARN__DUPLICATE_METHOD_MATCH = YES;
				COPY_PHASE_STRIP = NO;
				DEBUG_INFORMATION_FORMAT = "dwarf-with-dsym";
				ENABLE_NS_ASSERTIONS = NO;
				ENABLE_STRICT_OBJC_MSGSEND = YES;
				GCC_C_LANGUAGE_STANDARD = gnu11;
				GCC_NO_COMMON_BLOCKS = YES;
				GCC_WARN_64_TO_32_BIT_CONVERSION = YES;
				GCC_WARN_ABOUT_RETURN_TYPE = YES_ERROR;
				GCC_WARN_UNDECLARED_SELECTOR = YES;
				GCC_WARN_UNINITIALIZED_AUTOS = YES_AGGRESSIVE;
				GCC_WARN_UNUSED_FUNCTION = YES;
				GCC_WARN_UNUSED_VARIABLE = YES;
				IPHONEOS_DEPLOYMENT_TARGET = 16.1;
				MTL_ENABLE_DEBUG_INFO = NO;
				MTL_FAST_MATH = YES;
				SDKROOT = iphoneos;
				SWIFT_COMPILATION_MODE = wholemodule;
				SWIFT_OPTIMIZATION_LEVEL = "-O";
				VALIDATE_PRODUCT = YES;
			};
			name = Release;
		};
		FAB94A9D29A8D726000B0765 /* Debug */ = {
			isa = XCBuildConfiguration;
			buildSettings = {
				ASSETCATALOG_COMPILER_APPICON_NAME = AppIcon;
				ASSETCATALOG_COMPILER_GLOBAL_ACCENT_COLOR_NAME = AccentColor;
				CODE_SIGN_STYLE = Automatic;
				CURRENT_PROJECT_VERSION = 1;
				GENERATE_INFOPLIST_FILE = YES;
				INFOPLIST_FILE = BookReport/Info.plist;
				INFOPLIST_KEY_UIApplicationSupportsIndirectInputEvents = YES;
				INFOPLIST_KEY_UILaunchStoryboardName = LaunchScreen;
				INFOPLIST_KEY_UISupportedInterfaceOrientations_iPad = "UIInterfaceOrientationPortrait UIInterfaceOrientationPortraitUpsideDown UIInterfaceOrientationLandscapeLeft UIInterfaceOrientationLandscapeRight";
				INFOPLIST_KEY_UISupportedInterfaceOrientations_iPhone = "UIInterfaceOrientationPortrait UIInterfaceOrientationLandscapeLeft UIInterfaceOrientationLandscapeRight";
				LD_RUNPATH_SEARCH_PATHS = (
					"$(inherited)",
					"@executable_path/Frameworks",
				);
				MARKETING_VERSION = 1.0;
				PRODUCT_BUNDLE_IDENTIFIER = com.heodoo.BookReport;
				PRODUCT_NAME = "$(TARGET_NAME)";
				SWIFT_EMIT_LOC_STRINGS = YES;
				SWIFT_VERSION = 5.0;
				TARGETED_DEVICE_FAMILY = "1,2";
			};
			name = Debug;
		};
		FAB94A9E29A8D726000B0765 /* Release */ = {
			isa = XCBuildConfiguration;
			buildSettings = {
				ASSETCATALOG_COMPILER_APPICON_NAME = AppIcon;
				ASSETCATALOG_COMPILER_GLOBAL_ACCENT_COLOR_NAME = AccentColor;
				CODE_SIGN_STYLE = Automatic;
				CURRENT_PROJECT_VERSION = 1;
				GENERATE_INFOPLIST_FILE = YES;
				INFOPLIST_FILE = BookReport/Info.plist;
				INFOPLIST_KEY_UIApplicationSupportsIndirectInputEvents = YES;
				INFOPLIST_KEY_UILaunchStoryboardName = LaunchScreen;
				INFOPLIST_KEY_UISupportedInterfaceOrientations_iPad = "UIInterfaceOrientationPortrait UIInterfaceOrientationPortraitUpsideDown UIInterfaceOrientationLandscapeLeft UIInterfaceOrientationLandscapeRight";
				INFOPLIST_KEY_UISupportedInterfaceOrientations_iPhone = "UIInterfaceOrientationPortrait UIInterfaceOrientationLandscapeLeft UIInterfaceOrientationLandscapeRight";
				LD_RUNPATH_SEARCH_PATHS = (
					"$(inherited)",
					"@executable_path/Frameworks",
				);
				MARKETING_VERSION = 1.0;
				PRODUCT_BUNDLE_IDENTIFIER = com.heodoo.BookReport;
				PRODUCT_NAME = "$(TARGET_NAME)";
				SWIFT_EMIT_LOC_STRINGS = YES;
				SWIFT_VERSION = 5.0;
				TARGETED_DEVICE_FAMILY = "1,2";
			};
			name = Release;
		};
/* End XCBuildConfiguration section */

/* Begin XCConfigurationList section */
		FAB94A8029A8D725000B0765 /* Build configuration list for PBXProject "BookReport" */ = {
			isa = XCConfigurationList;
			buildConfigurations = (
				FAB94A9A29A8D726000B0765 /* Debug */,
				FAB94A9B29A8D726000B0765 /* Release */,
			);
			defaultConfigurationIsVisible = 0;
			defaultConfigurationName = Release;
		};
		FAB94A9C29A8D726000B0765 /* Build configuration list for PBXNativeTarget "BookReport" */ = {
			isa = XCConfigurationList;
			buildConfigurations = (
				FAB94A9D29A8D726000B0765 /* Debug */,
				FAB94A9E29A8D726000B0765 /* Release */,
			);
			defaultConfigurationIsVisible = 0;
			defaultConfigurationName = Release;
		};
/* End XCConfigurationList section */

/* Begin XCVersionGroup section */
		FAB94A9129A8D725000B0765 /* BookReport.xcdatamodeld */ = {
			isa = XCVersionGroup;
			children = (
				FAB94A9229A8D725000B0765 /* BookReport.xcdatamodel */,
			);
			currentVersion = FAB94A9229A8D725000B0765 /* BookReport.xcdatamodel */;
			path = BookReport.xcdatamodeld;
			sourceTree = "<group>";
			versionGroupType = wrapper.xcdatamodel;
		};
/* End XCVersionGroup section */
	};
	rootObject = FAB94A7D29A8D725000B0765 /* Project object */;
}
